{
  "originHash" : "c039ac561e91beef81929ab28d2dd24d605a7eabebcd6ecb0c1cc05ef00b4d67",
  "pins" : [
    {
      "identity" : "wwprint",
      "kind" : "remoteSourceControl",
      "location" : "https://github.com/William-Weng/WWPrint",
      "state" : {
        "revision" : "8f5928f5d36624d77f8fc563fd8e31a59cfac6b6",
        "version" : "1.3.1"
      }
    },
    {
      "identity" : "wwsigninwith3rd_apple",
      "kind" : "remoteSourceControl",
      "location" : "https://github.com/William-Weng/WWSignInWith3rd_Apple",
      "state" : {
        "revision" : "70378fd27b11179e59f877ac21dbbc890987deae",
        "version" : "1.1.4"
      }
    },
    {
      "identity" : "wwsigninwith3rd_weibo",
      "kind" : "remoteSourceControl",
      "location" : "https://github.com/William-Weng/WWSignInWith3rd_Weibo",
      "state" : {
        "revision" : "4631ba38f474ab65fab7f6f17edb03c479e2b8ec",
        "version" : "1.1.1"
      }
    }
  ],
  "version" : 3
}
