{
  "originHash" : "c039ac561e91beef81929ab28d2dd24d605a7eabebcd6ecb0c1cc05ef00b4d67",
  "pins" : [
    {
      "identity" : "wwsigninwith3rd_apple",
      "kind" : "remoteSourceControl",
      "location" : "https://github.com/William-Weng/WWSignInWith3rd_Apple",
      "state" : {
        "revision" : "70378fd27b11179e59f877ac21dbbc890987deae",
        "version" : "1.1.4"
      }
    },
    {
      "identity" : "wwsigninwith3rd_weibo",
      "kind" : "remoteSourceControl",
      "location" : "https://github.com/William-Weng/WWSignInWith3rd_Weibo",
      "state" : {
        "revision" : "58565079f008ac02fac32ee9b83ea6cbd0b9e561",
        "version" : "1.2.1"
      }
    }
  ],
  "version" : 3
}
